
Microsoft Visual Studio Solution File, Format Version 12.00
# Visual Studio Version 17
VisualStudioVersion = 17.5.002.0
MinimumVisualStudioVersion = 10.0.40219.1
Project("{9A19103F-16F7-4668-BE54-9A1E7A4F7556}") = "Catch", "Catch.csproj", "{A856D758-FBBD-416A-B086-6A956D1B4FB0}"
EndProject
Global
	GlobalSection(SolutionConfigurationPlatforms) = preSolution
		Debug|Any CPU = Debug|Any CPU
		Release|Any CPU = Release|Any CPU
	EndGlobalSection
	GlobalSection(ProjectConfigurationPlatforms) = postSolution
		{A856D758-FBBD-416A-B086-6A956D1B4FB0}.Debug|Any CPU.ActiveCfg = Debug|Any CPU
		{A856D758-FBBD-416A-B086-6A956D1B4FB0}.Debug|Any CPU.Build.0 = Debug|Any CPU
		{A856D758-FBBD-416A-B086-6A956D1B4FB0}.Release|Any CPU.ActiveCfg = Release|Any CPU
		{A856D758-FBBD-416A-B086-6A956D1B4FB0}.Release|Any CPU.Build.0 = Release|Any CPU
	EndGlobalSection
	GlobalSection(SolutionProperties) = preSolution
		HideSolutionNode = FALSE
	EndGlobalSection
	GlobalSection(ExtensibilityGlobals) = postSolution
		SolutionGuid = {D5228F50-01F1-48F7-B33F-68A628BF5BE6}
	EndGlobalSection
EndGlobal
